
Microsoft Visual Studio Solution File, Format Version 12.00
# Visual Studio Version 17
VisualStudioVersion = 17.8.34511.84
MinimumVisualStudioVersion = 10.0.40219.1
Project("{FAE04EC0-301F-11D3-BF4B-00C04F79EFBC}") = "ControleDeContatos", "ControleDeContatos\ControleDeContatos.csproj", "{37AEFBAD-A5A9-41A1-AEB3-440AC1EE514D}"
EndProject
Global
	GlobalSection(SolutionConfigurationPlatforms) = preSolution
		Debug|Any CPU = Debug|Any CPU
		Release|Any CPU = Release|Any CPU
	EndGlobalSection
	GlobalSection(ProjectConfigurationPlatforms) = postSolution
		{37AEFBAD-A5A9-41A1-AEB3-440AC1EE514D}.Debug|Any CPU.ActiveCfg = Debug|Any CPU
		{37AEFBAD-A5A9-41A1-AEB3-440AC1EE514D}.Debug|Any CPU.Build.0 = Debug|Any CPU
		{37AEFBAD-A5A9-41A1-AEB3-440AC1EE514D}.Release|Any CPU.ActiveCfg = Release|Any CPU
		{37AEFBAD-A5A9-41A1-AEB3-440AC1EE514D}.Release|Any CPU.Build.0 = Release|Any CPU
	EndGlobalSection
	GlobalSection(SolutionProperties) = preSolution
		HideSolutionNode = FALSE
	EndGlobalSection
	GlobalSection(ExtensibilityGlobals) = postSolution
		SolutionGuid = {CEB9B36B-624D-402E-873E-0E0B8ADED7F5}
	EndGlobalSection
EndGlobal
